// !$*UTF8*$!
{
	archiveVersion = 1;
	classes = {
	};
	objectVersion = 56;
	objects = {

/* Begin PBXBuildFile section */
		82FFD74129D141470039CAE1 /* test_phrApp.swift in Sources */ = {isa = PBXBuildFile; fileRef = 82FFD74029D141470039CAE1 /* test_phrApp.swift */; };
		82FFD74329D141470039CAE1 /* ContentView.swift in Sources */ = {isa = PBXBuildFile; fileRef = 82FFD74229D141470039CAE1 /* ContentView.swift */; };
		82FFD74529D141480039CAE1 /* Assets.xcassets in Resources */ = {isa = PBXBuildFile; fileRef = 82FFD74429D141480039CAE1 /* Assets.xcassets */; };
		82FFD74829D141480039CAE1 /* Preview Assets.xcassets in Resources */ = {isa = PBXBuildFile; fileRef = 82FFD74729D141480039CAE1 /* Preview Assets.xcassets */; };
		82FFD75229D141480039CAE1 /* test_phrTests.swift in Sources */ = {isa = PBXBuildFile; fileRef = 82FFD75129D141480039CAE1 /* test_phrTests.swift */; };
		82FFD75C29D141480039CAE1 /* test_phrUITests.swift in Sources */ = {isa = PBXBuildFile; fileRef = 82FFD75B29D141480039CAE1 /* test_phrUITests.swift */; };
		82FFD75E29D141480039CAE1 /* test_phrUITestsLaunchTests.swift in Sources */ = {isa = PBXBuildFile; fileRef = 82FFD75D29D141480039CAE1 /* test_phrUITestsLaunchTests.swift */; };
/* End PBXBuildFile section */

/* Begin PBXContainerItemProxy section */
		82FFD74E29D141480039CAE1 /* PBXContainerItemProxy */ = {
			isa = PBXContainerItemProxy;
			containerPortal = 82FFD73529D141470039CAE1 /* Project object */;
			proxyType = 1;
			remoteGlobalIDString = 82FFD73C29D141470039CAE1;
			remoteInfo = "test-phr";
		};
		82FFD75829D141480039CAE1 /* PBXContainerItemProxy */ = {
			isa = PBXContainerItemProxy;
			containerPortal = 82FFD73529D141470039CAE1 /* Project object */;
			proxyType = 1;
			remoteGlobalIDString = 82FFD73C29D141470039CAE1;
			remoteInfo = "test-phr";
		};
/* End PBXContainerItemProxy section */

/* Begin PBXFileReference section */
		82FFD73D29D141470039CAE1 /* test-phr.app */ = {isa = PBXFileReference; explicitFileType = wrapper.application; includeInIndex = 0; path = "test-phr.app"; sourceTree = BUILT_PRODUCTS_DIR; };
		82FFD74029D141470039CAE1 /* test_phrApp.swift */ = {isa = PBXFileReference; lastKnownFileType = sourcecode.swift; path = test_phrApp.swift; sourceTree = "<group>"; };
		82FFD74229D141470039CAE1 /* ContentView.swift */ = {isa = PBXFileReference; lastKnownFileType = sourcecode.swift; path = ContentView.swift; sourceTree = "<group>"; };
		82FFD74429D141480039CAE1 /* Assets.xcassets */ = {isa = PBXFileReference; lastKnownFileType = folder.assetcatalog; path = Assets.xcassets; sourceTree = "<group>"; };
		82FFD74729D141480039CAE1 /* Preview Assets.xcassets */ = {isa = PBXFileReference; lastKnownFileType = folder.assetcatalog; path = "Preview Assets.xcassets"; sourceTree = "<group>"; };
		82FFD74D29D141480039CAE1 /* test-phrTests.xctest */ = {isa = PBXFileReference; explicitFileType = wrapper.cfbundle; includeInIndex = 0; path = "test-phrTests.xctest"; sourceTree = BUILT_PRODUCTS_DIR; };
		82FFD75129D141480039CAE1 /* test_phrTests.swift */ = {isa = PBXFileReference; lastKnownFileType = sourcecode.swift; path = test_phrTests.swift; sourceTree = "<group>"; };
		82FFD75729D141480039CAE1 /* test-phrUITests.xctest */ = {isa = PBXFileReference; explicitFileType = wrapper.cfbundle; includeInIndex = 0; path = "test-phrUITests.xctest"; sourceTree = BUILT_PRODUCTS_DIR; };
		82FFD75B29D141480039CAE1 /* test_phrUITests.swift */ = {isa = PBXFileReference; lastKnownFileType = sourcecode.swift; path = test_phrUITests.swift; sourceTree = "<group>"; };
		82FFD75D29D141480039CAE1 /* test_phrUITestsLaunchTests.swift */ = {isa = PBXFileReference; lastKnownFileType = sourcecode.swift; path = test_phrUITestsLaunchTests.swift; sourceTree = "<group>"; };
/* End PBXFileReference section */

/* Begin PBXFrameworksBuildPhase section */
		82FFD73A29D141470039CAE1 /* Frameworks */ = {
			isa = PBXFrameworksBuildPhase;
			buildActionMask = 2147483647;
			files = (
			);
			runOnlyForDeploymentPostprocessing = 0;
		};
		82FFD74A29D141480039CAE1 /* Frameworks */ = {
			isa = PBXFrameworksBuildPhase;
			buildActionMask = 2147483647;
			files = (
			);
			runOnlyForDeploymentPostprocessing = 0;
		};
		82FFD75429D141480039CAE1 /* Frameworks */ = {
			isa = PBXFrameworksBuildPhase;
			buildActionMask = 2147483647;
			files = (
			);
			runOnlyForDeploymentPostprocessing = 0;
		};
/* End PBXFrameworksBuildPhase section */

/* Begin PBXGroup section */
		82FFD73429D141470039CAE1 = {
			isa = PBXGroup;
			children = (
				82FFD73F29D141470039CAE1 /* test-phr */,
				82FFD75029D141480039CAE1 /* test-phrTests */,
				82FFD75A29D141480039CAE1 /* test-phrUITests */,
				82FFD73E29D141470039CAE1 /* Products */,
			);
			sourceTree = "<group>";
		};
		82FFD73E29D141470039CAE1 /* Products */ = {
			isa = PBXGroup;
			children = (
				82FFD73D29D141470039CAE1 /* test-phr.app */,
				82FFD74D29D141480039CAE1 /* test-phrTests.xctest */,
				82FFD75729D141480039CAE1 /* test-phrUITests.xctest */,
			);
			name = Products;
			sourceTree = "<group>";
		};
		82FFD73F29D141470039CAE1 /* test-phr */ = {
			isa = PBXGroup;
			children = (
				82FFD74029D141470039CAE1 /* test_phrApp.swift */,
				82FFD74229D141470039CAE1 /* ContentView.swift */,
				82FFD74429D141480039CAE1 /* Assets.xcassets */,
				82FFD74629D141480039CAE1 /* Preview Content */,
			);
			path = "test-phr";
			sourceTree = "<group>";
		};
		82FFD74629D141480039CAE1 /* Preview Content */ = {
			isa = PBXGroup;
			children = (
				82FFD74729D141480039CAE1 /* Preview Assets.xcassets */,
			);
			path = "Preview Content";
			sourceTree = "<group>";
		};
		82FFD75029D141480039CAE1 /* test-phrTests */ = {
			isa = PBXGroup;
			children = (
				82FFD75129D141480039CAE1 /* test_phrTests.swift */,
			);
			path = "test-phrTests";
			sourceTree = "<group>";
		};
		82FFD75A29D141480039CAE1 /* test-phrUITests */ = {
			isa = PBXGroup;
			children = (
				82FFD75B29D141480039CAE1 /* test_phrUITests.swift */,
				82FFD75D29D141480039CAE1 /* test_phrUITestsLaunchTests.swift */,
			);
			path = "test-phrUITests";
			sourceTree = "<group>";
		};
/* End PBXGroup section */

/* Begin PBXNativeTarget section */
		82FFD73C29D141470039CAE1 /* test-phr */ = {
			isa = PBXNativeTarget;
			buildConfigurationList = 82FFD76129D141480039CAE1 /* Build configuration list for PBXNativeTarget "test-phr" */;
			buildPhases = (
				82FFD73929D141470039CAE1 /* Sources */,
				82FFD73A29D141470039CAE1 /* Frameworks */,
				82FFD73B29D141470039CAE1 /* Resources */,
			);
			buildRules = (
			);
			dependencies = (
			);
			name = "test-phr";
			productName = "test-phr";
			productReference = 82FFD73D29D141470039CAE1 /* test-phr.app */;
			productType = "com.apple.product-type.application";
		};
		82FFD74C29D141480039CAE1 /* test-phrTests */ = {
			isa = PBXNativeTarget;
			buildConfigurationList = 82FFD76429D141480039CAE1 /* Build configuration list for PBXNativeTarget "test-phrTests" */;
			buildPhases = (
				82FFD74929D141480039CAE1 /* Sources */,
				82FFD74A29D141480039CAE1 /* Frameworks */,
				82FFD74B29D141480039CAE1 /* Resources */,
			);
			buildRules = (
			);
			dependencies = (
				82FFD74F29D141480039CAE1 /* PBXTargetDependency */,
			);
			name = "test-phrTests";
			productName = "test-phrTests";
			productReference = 82FFD74D29D141480039CAE1 /* test-phrTests.xctest */;
			productType = "com.apple.product-type.bundle.unit-test";
		};
		82FFD75629D141480039CAE1 /* test-phrUITests */ = {
			isa = PBXNativeTarget;
			buildConfigurationList = 82FFD76729D141480039CAE1 /* Build configuration list for PBXNativeTarget "test-phrUITests" */;
			buildPhases = (
				82FFD75329D141480039CAE1 /* Sources */,
				82FFD75429D141480039CAE1 /* Frameworks */,
				82FFD75529D141480039CAE1 /* Resources */,
			);
			buildRules = (
			);
			dependencies = (
				82FFD75929D141480039CAE1 /* PBXTargetDependency */,
			);
			name = "test-phrUITests";
			productName = "test-phrUITests";
			productReference = 82FFD75729D141480039CAE1 /* test-phrUITests.xctest */;
			productType = "com.apple.product-type.bundle.ui-testing";
		};
/* End PBXNativeTarget section */

/* Begin PBXProject section */
		82FFD73529D141470039CAE1 /* Project object */ = {
			isa = PBXProject;
			attributes = {
				BuildIndependentTargetsInParallel = 1;
				LastSwiftUpdateCheck = 1420;
				LastUpgradeCheck = 1420;
				TargetAttributes = {
					82FFD73C29D141470039CAE1 = {
						CreatedOnToolsVersion = 14.2;
					};
					82FFD74C29D141480039CAE1 = {
						CreatedOnToolsVersion = 14.2;
						TestTargetID = 82FFD73C29D141470039CAE1;
					};
					82FFD75629D141480039CAE1 = {
						CreatedOnToolsVersion = 14.2;
						TestTargetID = 82FFD73C29D141470039CAE1;
					};
				};
			};
			buildConfigurationList = 82FFD73829D141470039CAE1 /* Build configuration list for PBXProject "test-phr" */;
			compatibilityVersion = "Xcode 14.0";
			developmentRegion = en;
			hasScannedForEncodings = 0;
			knownRegions = (
				en,
				Base,
			);
			mainGroup = 82FFD73429D141470039CAE1;
			productRefGroup = 82FFD73E29D141470039CAE1 /* Products */;
			projectDirPath = "";
			projectRoot = "";
			targets = (
				82FFD73C29D141470039CAE1 /* test-phr */,
				82FFD74C29D141480039CAE1 /* test-phrTests */,
				82FFD75629D141480039CAE1 /* test-phrUITests */,
			);
		};
/* End PBXProject section */

/* Begin PBXResourcesBuildPhase section */
		82FFD73B29D141470039CAE1 /* Resources */ = {
			isa = PBXResourcesBuildPhase;
			buildActionMask = 2147483647;
			files = (
				82FFD74829D141480039CAE1 /* Preview Assets.xcassets in Resources */,
				82FFD74529D141480039CAE1 /* Assets.xcassets in Resources */,
			);
			runOnlyForDeploymentPostprocessing = 0;
		};
		82FFD74B29D141480039CAE1 /* Resources */ = {
			isa = PBXResourcesBuildPhase;
			buildActionMask = 2147483647;
			files = (
			);
			runOnlyForDeploymentPostprocessing = 0;
		};
		82FFD75529D141480039CAE1 /* Resources */ = {
			isa = PBXResourcesBuildPhase;
			buildActionMask = 2147483647;
			files = (
			);
			runOnlyForDeploymentPostprocessing = 0;
		};
/* End PBXResourcesBuildPhase section */

/* Begin PBXSourcesBuildPhase section */
		82FFD73929D141470039CAE1 /* Sources */ = {
			isa = PBXSourcesBuildPhase;
			buildActionMask = 2147483647;
			files = (
				82FFD74329D141470039CAE1 /* ContentView.swift in Sources */,
				82FFD74129D141470039CAE1 /* test_phrApp.swift in Sources */,
			);
			runOnlyForDeploymentPostprocessing = 0;
		};
		82FFD74929D141480039CAE1 /* Sources */ = {
			isa = PBXSourcesBuildPhase;
			buildActionMask = 2147483647;
			files = (
				82FFD75229D141480039CAE1 /* test_phrTests.swift in Sources */,
			);
			runOnlyForDeploymentPostprocessing = 0;
		};
		82FFD75329D141480039CAE1 /* Sources */ = {
			isa = PBXSourcesBuildPhase;
			buildActionMask = 2147483647;
			files = (
				82FFD75E29D141480039CAE1 /* test_phrUITestsLaunchTests.swift in Sources */,
				82FFD75C29D141480039CAE1 /* test_phrUITests.swift in Sources */,
			);
			runOnlyForDeploymentPostprocessing = 0;
		};
/* End PBXSourcesBuildPhase section */

/* Begin PBXTargetDependency section */
		82FFD74F29D141480039CAE1 /* PBXTargetDependency */ = {
			isa = PBXTargetDependency;
			target = 82FFD73C29D141470039CAE1 /* test-phr */;
			targetProxy = 82FFD74E29D141480039CAE1 /* PBXContainerItemProxy */;
		};
		82FFD75929D141480039CAE1 /* PBXTargetDependency */ = {
			isa = PBXTargetDependency;
			target = 82FFD73C29D141470039CAE1 /* test-phr */;
			targetProxy = 82FFD75829D141480039CAE1 /* PBXContainerItemProxy */;
		};
/* End PBXTargetDependency section */

/* Begin XCBuildConfiguration section */
		82FFD75F29D141480039CAE1 /* Debug */ = {
			isa = XCBuildConfiguration;
			buildSettings = {
				ALWAYS_SEARCH_USER_PATHS = NO;
				CLANG_ANALYZER_NONNULL = YES;
				CLANG_ANALYZER_NUMBER_OBJECT_CONVERSION = YES_AGGRESSIVE;
				CLANG_CXX_LANGUAGE_STANDARD = "gnu++20";
				CLANG_ENABLE_MODULES = YES;
				CLANG_ENABLE_OBJC_ARC = YES;
				CLANG_ENABLE_OBJC_WEAK = YES;
				CLANG_WARN_BLOCK_CAPTURE_AUTORELEASING = YES;
				CLANG_WARN_BOOL_CONVERSION = YES;
				CLANG_WARN_COMMA = YES;
				CLANG_WARN_CONSTANT_CONVERSION = YES;
				CLANG_WARN_DEPRECATED_OBJC_IMPLEMENTATIONS = YES;
				CLANG_WARN_DIRECT_OBJC_ISA_USAGE = YES_ERROR;
				CLANG_WARN_DOCUMENTATION_COMMENTS = YES;
				CLANG_WARN_EMPTY_BODY = YES;
				CLANG_WARN_ENUM_CONVERSION = YES;
				CLANG_WARN_INFINITE_RECURSION = YES;
				CLANG_WARN_INT_CONVERSION = YES;
				CLANG_WARN_NON_LITERAL_NULL_CONVERSION = YES;
				CLANG_WARN_OBJC_IMPLICIT_RETAIN_SELF = YES;
				CLANG_WARN_OBJC_LITERAL_CONVERSION = YES;
				CLANG_WARN_OBJC_ROOT_CLASS = YES_ERROR;
				CLANG_WARN_QUOTED_INCLUDE_IN_FRAMEWORK_HEADER = YES;
				CLANG_WARN_RANGE_LOOP_ANALYSIS = YES;
				CLANG_WARN_STRICT_PROTOTYPES = YES;
				CLANG_WARN_SUSPICIOUS_MOVE = YES;
				CLANG_WARN_UNGUARDED_AVAILABILITY = YES_AGGRESSIVE;
				CLANG_WARN_UNREACHABLE_CODE = YES;
				CLANG_WARN__DUPLICATE_METHOD_MATCH = YES;
				COPY_PHASE_STRIP = NO;
				DEBUG_INFORMATION_FORMAT = dwarf;
				ENABLE_STRICT_OBJC_MSGSEND = YES;
				ENABLE_TESTABILITY = YES;
				GCC_C_LANGUAGE_STANDARD = gnu11;
				GCC_DYNAMIC_NO_PIC = NO;
				GCC_NO_COMMON_BLOCKS = YES;
				GCC_OPTIMIZATION_LEVEL = 0;
				GCC_PREPROCESSOR_DEFINITIONS = (
					"DEBUG=1",
					"$(inherited)",
				);
				GCC_WARN_64_TO_32_BIT_CONVERSION = YES;
				GCC_WARN_ABOUT_RETURN_TYPE = YES_ERROR;
				GCC_WARN_UNDECLARED_SELECTOR = YES;
				GCC_WARN_UNINITIALIZED_AUTOS = YES_AGGRESSIVE;
				GCC_WARN_UNUSED_FUNCTION = YES;
				GCC_WARN_UNUSED_VARIABLE = YES;
				IPHONEOS_DEPLOYMENT_TARGET = 16.2;
				MTL_ENABLE_DEBUG_INFO = INCLUDE_SOURCE;
				MTL_FAST_MATH = YES;
				ONLY_ACTIVE_ARCH = YES;
				SDKROOT = iphoneos;
				SWIFT_ACTIVE_COMPILATION_CONDITIONS = DEBUG;
				SWIFT_OPTIMIZATION_LEVEL = "-Onone";
			};
			name = Debug;
		};
		82FFD76029D141480039CAE1 /* Release */ = {
			isa = XCBuildConfiguration;
			buildSettings = {
				ALWAYS_SEARCH_USER_PATHS = NO;
				CLANG_ANALYZER_NONNULL = YES;
				CLANG_ANALYZER_NUMBER_OBJECT_CONVERSION = YES_AGGRESSIVE;
				CLANG_CXX_LANGUAGE_STANDARD = "gnu++20";
				CLANG_ENABLE_MODULES = YES;
				CLANG_ENABLE_OBJC_ARC = YES;
				CLANG_ENABLE_OBJC_WEAK = YES;
				CLANG_WARN_BLOCK_CAPTURE_AUTORELEASING = YES;
				CLANG_WARN_BOOL_CONVERSION = YES;
				CLANG_WARN_COMMA = YES;
				CLANG_WARN_CONSTANT_CONVERSION = YES;
				CLANG_WARN_DEPRECATED_OBJC_IMPLEMENTATIONS = YES;
				CLANG_WARN_DIRECT_OBJC_ISA_USAGE = YES_ERROR;
				CLANG_WARN_DOCUMENTATION_COMMENTS = YES;
				CLANG_WARN_EMPTY_BODY = YES;
				CLANG_WARN_ENUM_CONVERSION = YES;
				CLANG_WARN_INFINITE_RECURSION = YES;
				CLANG_WARN_INT_CONVERSION = YES;
				CLANG_WARN_NON_LITERAL_NULL_CONVERSION = YES;
				CLANG_WARN_OBJC_IMPLICIT_RETAIN_SELF = YES;
				CLANG_WARN_OBJC_LITERAL_CONVERSION = YES;
				CLANG_WARN_OBJC_ROOT_CLASS = YES_ERROR;
				CLANG_WARN_QUOTED_INCLUDE_IN_FRAMEWORK_HEADER = YES;
				CLANG_WARN_RANGE_LOOP_ANALYSIS = YES;
				CLANG_WARN_STRICT_PROTOTYPES = YES;
				CLANG_WARN_SUSPICIOUS_MOVE = YES;
				CLANG_WARN_UNGUARDED_AVAILABILITY = YES_AGGRESSIVE;
				CLANG_WARN_UNREACHABLE_CODE = YES;
				CLANG_WARN__DUPLICATE_METHOD_MATCH = YES;
				COPY_PHASE_STRIP = NO;
				DEBUG_INFORMATION_FORMAT = "dwarf-with-dsym";
				ENABLE_NS_ASSERTIONS = NO;
				ENABLE_STRICT_OBJC_MSGSEND = YES;
				GCC_C_LANGUAGE_STANDARD = gnu11;
				GCC_NO_COMMON_BLOCKS = YES;
				GCC_WARN_64_TO_32_BIT_CONVERSION = YES;
				GCC_WARN_ABOUT_RETURN_TYPE = YES_ERROR;
				GCC_WARN_UNDECLARED_SELECTOR = YES;
				GCC_WARN_UNINITIALIZED_AUTOS = YES_AGGRESSIVE;
				GCC_WARN_UNUSED_FUNCTION = YES;
				GCC_WARN_UNUSED_VARIABLE = YES;
				IPHONEOS_DEPLOYMENT_TARGET = 16.2;
				MTL_ENABLE_DEBUG_INFO = NO;
				MTL_FAST_MATH = YES;
				SDKROOT = iphoneos;
				SWIFT_COMPILATION_MODE = wholemodule;
				SWIFT_OPTIMIZATION_LEVEL = "-O";
				VALIDATE_PRODUCT = YES;
			};
			name = Release;
		};
		82FFD76229D141480039CAE1 /* Debug */ = {
			isa = XCBuildConfiguration;
			buildSettings = {
				ASSETCATALOG_COMPILER_APPICON_NAME = AppIcon;
				ASSETCATALOG_COMPILER_GLOBAL_ACCENT_COLOR_NAME = AccentColor;
				CODE_SIGN_STYLE = Automatic;
				CURRENT_PROJECT_VERSION = 1;
				DEVELOPMENT_ASSET_PATHS = "\"test-phr/Preview Content\"";
				ENABLE_PREVIEWS = YES;
				GENERATE_INFOPLIST_FILE = YES;
				INFOPLIST_KEY_UIApplicationSceneManifest_Generation = YES;
				INFOPLIST_KEY_UIApplicationSupportsIndirectInputEvents = YES;
				INFOPLIST_KEY_UILaunchScreen_Generation = YES;
				INFOPLIST_KEY_UISupportedInterfaceOrientations_iPad = "UIInterfaceOrientationPortrait UIInterfaceOrientationPortraitUpsideDown UIInterfaceOrientationLandscapeLeft UIInterfaceOrientationLandscapeRight";
				INFOPLIST_KEY_UISupportedInterfaceOrientations_iPhone = "UIInterfaceOrientationPortrait UIInterfaceOrientationLandscapeLeft UIInterfaceOrientationLandscapeRight";
				LD_RUNPATH_SEARCH_PATHS = (
					"$(inherited)",
					"@executable_path/Frameworks",
				);
				MARKETING_VERSION = 1.0;
				PRODUCT_BUNDLE_IDENTIFIER = "com.example.hello-world.test-phr";
				PRODUCT_NAME = "$(TARGET_NAME)";
				SWIFT_EMIT_LOC_STRINGS = YES;
				SWIFT_VERSION = 5.0;
				TARGETED_DEVICE_FAMILY = "1,2";
			};
			name = Debug;
		};
		82FFD76329D141480039CAE1 /* Release */ = {
			isa = XCBuildConfiguration;
			buildSettings = {
				ASSETCATALOG_COMPILER_APPICON_NAME = AppIcon;
				ASSETCATALOG_COMPILER_GLOBAL_ACCENT_COLOR_NAME = AccentColor;
				CODE_SIGN_STYLE = Automatic;
				CURRENT_PROJECT_VERSION = 1;
				DEVELOPMENT_ASSET_PATHS = "\"test-phr/Preview Content\"";
				ENABLE_PREVIEWS = YES;
				GENERATE_INFOPLIST_FILE = YES;
				INFOPLIST_KEY_UIApplicationSceneManifest_Generation = YES;
				INFOPLIST_KEY_UIApplicationSupportsIndirectInputEvents = YES;
				INFOPLIST_KEY_UILaunchScreen_Generation = YES;
				INFOPLIST_KEY_UISupportedInterfaceOrientations_iPad = "UIInterfaceOrientationPortrait UIInterfaceOrientationPortraitUpsideDown UIInterfaceOrientationLandscapeLeft UIInterfaceOrientationLandscapeRight";
				INFOPLIST_KEY_UISupportedInterfaceOrientations_iPhone = "UIInterfaceOrientationPortrait UIInterfaceOrientationLandscapeLeft UIInterfaceOrientationLandscapeRight";
				LD_RUNPATH_SEARCH_PATHS = (
					"$(inherited)",
					"@executable_path/Frameworks",
				);
				MARKETING_VERSION = 1.0;
				PRODUCT_BUNDLE_IDENTIFIER = "com.example.hello-world.test-phr";
				PRODUCT_NAME = "$(TARGET_NAME)";
				SWIFT_EMIT_LOC_STRINGS = YES;
				SWIFT_VERSION = 5.0;
				TARGETED_DEVICE_FAMILY = "1,2";
			};
			name = Release;
		};
		82FFD76529D141480039CAE1 /* Debug */ = {
			isa = XCBuildConfiguration;
			buildSettings = {
				ALWAYS_EMBED_SWIFT_STANDARD_LIBRARIES = YES;
				BUNDLE_LOADER = "$(TEST_HOST)";
				CODE_SIGN_STYLE = Automatic;
				CURRENT_PROJECT_VERSION = 1;
				GENERATE_INFOPLIST_FILE = YES;
				IPHONEOS_DEPLOYMENT_TARGET = 16.2;
				MARKETING_VERSION = 1.0;
				PRODUCT_BUNDLE_IDENTIFIER = "com.example.hello-world.test-phrTests";
				PRODUCT_NAME = "$(TARGET_NAME)";
				SWIFT_EMIT_LOC_STRINGS = NO;
				SWIFT_VERSION = 5.0;
				TARGETED_DEVICE_FAMILY = "1,2";
				TEST_HOST = "$(BUILT_PRODUCTS_DIR)/test-phr.app/$(BUNDLE_EXECUTABLE_FOLDER_PATH)/test-phr";
			};
			name = Debug;
		};
		82FFD76629D141480039CAE1 /* Release */ = {
			isa = XCBuildConfiguration;
			buildSettings = {
				ALWAYS_EMBED_SWIFT_STANDARD_LIBRARIES = YES;
				BUNDLE_LOADER = "$(TEST_HOST)";
				CODE_SIGN_STYLE = Automatic;
				CURRENT_PROJECT_VERSION = 1;
				GENERATE_INFOPLIST_FILE = YES;
				IPHONEOS_DEPLOYMENT_TARGET = 16.2;
				MARKETING_VERSION = 1.0;
				PRODUCT_BUNDLE_IDENTIFIER = "com.example.hello-world.test-phrTests";
				PRODUCT_NAME = "$(TARGET_NAME)";
				SWIFT_EMIT_LOC_STRINGS = NO;
				SWIFT_VERSION = 5.0;
				TARGETED_DEVICE_FAMILY = "1,2";
				TEST_HOST = "$(BUILT_PRODUCTS_DIR)/test-phr.app/$(BUNDLE_EXECUTABLE_FOLDER_PATH)/test-phr";
			};
			name = Release;
		};
		82FFD76829D141480039CAE1 /* Debug */ = {
			isa = XCBuildConfiguration;
			buildSettings = {
				ALWAYS_EMBED_SWIFT_STANDARD_LIBRARIES = YES;
				CODE_SIGN_STYLE = Automatic;
				CURRENT_PROJECT_VERSION = 1;
				GENERATE_INFOPLIST_FILE = YES;
				MARKETING_VERSION = 1.0;
				PRODUCT_BUNDLE_IDENTIFIER = "com.example.hello-world.test-phrUITests";
				PRODUCT_NAME = "$(TARGET_NAME)";
				SWIFT_EMIT_LOC_STRINGS = NO;
				SWIFT_VERSION = 5.0;
				TARGETED_DEVICE_FAMILY = "1,2";
				TEST_TARGET_NAME = "test-phr";
			};
			name = Debug;
		};
		82FFD76929D141480039CAE1 /* Release */ = {
			isa = XCBuildConfiguration;
			buildSettings = {
				ALWAYS_EMBED_SWIFT_STANDARD_LIBRARIES = YES;
				CODE_SIGN_STYLE = Automatic;
				CURRENT_PROJECT_VERSION = 1;
				GENERATE_INFOPLIST_FILE = YES;
				MARKETING_VERSION = 1.0;
				PRODUCT_BUNDLE_IDENTIFIER = "com.example.hello-world.test-phrUITests";
				PRODUCT_NAME = "$(TARGET_NAME)";
				SWIFT_EMIT_LOC_STRINGS = NO;
				SWIFT_VERSION = 5.0;
				TARGETED_DEVICE_FAMILY = "1,2";
				TEST_TARGET_NAME = "test-phr";
			};
			name = Release;
		};
/* End XCBuildConfiguration section */

/* Begin XCConfigurationList section */
		82FFD73829D141470039CAE1 /* Build configuration list for PBXProject "test-phr" */ = {
			isa = XCConfigurationList;
			buildConfigurations = (
				82FFD75F29D141480039CAE1 /* Debug */,
				82FFD76029D141480039CAE1 /* Release */,
			);
			defaultConfigurationIsVisible = 0;
			defaultConfigurationName = Release;
		};
		82FFD76129D141480039CAE1 /* Build configuration list for PBXNativeTarget "test-phr" */ = {
			isa = XCConfigurationList;
			buildConfigurations = (
				82FFD76229D141480039CAE1 /* Debug */,
				82FFD76329D141480039CAE1 /* Release */,
			);
			defaultConfigurationIsVisible = 0;
			defaultConfigurationName = Release;
		};
		82FFD76429D141480039CAE1 /* Build configuration list for PBXNativeTarget "test-phrTests" */ = {
			isa = XCConfigurationList;
			buildConfigurations = (
				82FFD76529D141480039CAE1 /* Debug */,
				82FFD76629D141480039CAE1 /* Release */,
			);
			defaultConfigurationIsVisible = 0;
			defaultConfigurationName = Release;
		};
		82FFD76729D141480039CAE1 /* Build configuration list for PBXNativeTarget "test-phrUITests" */ = {
			isa = XCConfigurationList;
			buildConfigurations = (
				82FFD76829D141480039CAE1 /* Debug */,
				82FFD76929D141480039CAE1 /* Release */,
			);
			defaultConfigurationIsVisible = 0;
			defaultConfigurationName = Release;
		};
/* End XCConfigurationList section */
	};
	rootObject = 82FFD73529D141470039CAE1 /* Project object */;
}
